{
  "name": "mikeydlane.com",
  "version": "0.1.0",
  "lockfileVersion": 1,
  "requires": true,
  "dependencies": {
    "react-protected-mailto": {
      "version": "1.0.3",
      "resolved": "https://registry.npmjs.org/react-protected-mailto/-/react-protected-mailto-1.0.3.tgz",
      "integrity": "sha512-Lv/o4+FCDDYvEhxzb0XaXuhwKu8ICqanZhxJwMBrUqLNDpbZqOGMZrFtn47iey012K0b/AkEzzFmqLkDvdYlWA=="
    }
  }
}
